// !$*UTF8*$!
{
	archiveVersion = 1;
	classes = {
	};
	objectVersion = 48;
	objects = {

/* Begin PBXBuildFile section */
		8294AA181FD2122C00F207CF /* AppDelegate.swift in Sources */ = {isa = PBXBuildFile; fileRef = 8294AA171FD2122C00F207CF /* AppDelegate.swift */; };
		8294AA1A1FD2122C00F207CF /* ViewController.swift in Sources */ = {isa = PBXBuildFile; fileRef = 8294AA191FD2122C00F207CF /* ViewController.swift */; };
		8294AA1D1FD2122C00F207CF /* Main.storyboard in Resources */ = {isa = PBXBuildFile; fileRef = 8294AA1B1FD2122C00F207CF /* Main.storyboard */; };
		8294AA1F1FD2122C00F207CF /* Assets.xcassets in Resources */ = {isa = PBXBuildFile; fileRef = 8294AA1E1FD2122C00F207CF /* Assets.xcassets */; };
		8294AA221FD2122C00F207CF /* LaunchScreen.storyboard in Resources */ = {isa = PBXBuildFile; fileRef = 8294AA201FD2122C00F207CF /* LaunchScreen.storyboard */; };
		8294AA2B1FD213A300F207CF /* Model.xcdatamodeld in Sources */ = {isa = PBXBuildFile; fileRef = 8294AA291FD213A300F207CF /* Model.xcdatamodeld */; };
		8294AA2E1FD21D0300F207CF /* CoreDataStack.swift in Sources */ = {isa = PBXBuildFile; fileRef = 8294AA2D1FD21D0300F207CF /* CoreDataStack.swift */; };
		8294AA3B1FD2222400F207CF /* Note+CoreDataClass.swift in Sources */ = {isa = PBXBuildFile; fileRef = 8294AA371FD2222400F207CF /* Note+CoreDataClass.swift */; };
		8294AA3C1FD2222400F207CF /* Note+CoreDataProperties.swift in Sources */ = {isa = PBXBuildFile; fileRef = 8294AA381FD2222400F207CF /* Note+CoreDataProperties.swift */; };
		8294AA3D1FD2222400F207CF /* Noteboook+CoreDataClass.swift in Sources */ = {isa = PBXBuildFile; fileRef = 8294AA391FD2222400F207CF /* Noteboook+CoreDataClass.swift */; };
		8294AA3E1FD2222400F207CF /* Noteboook+CoreDataProperties.swift in Sources */ = {isa = PBXBuildFile; fileRef = 8294AA3A1FD2222400F207CF /* Noteboook+CoreDataProperties.swift */; };
/* End PBXBuildFile section */

/* Begin PBXFileReference section */
		8294AA141FD2122C00F207CF /* CoolNotes.app */ = {isa = PBXFileReference; explicitFileType = wrapper.application; includeInIndex = 0; path = CoolNotes.app; sourceTree = BUILT_PRODUCTS_DIR; };
		8294AA171FD2122C00F207CF /* AppDelegate.swift */ = {isa = PBXFileReference; lastKnownFileType = sourcecode.swift; path = AppDelegate.swift; sourceTree = "<group>"; };
		8294AA191FD2122C00F207CF /* ViewController.swift */ = {isa = PBXFileReference; lastKnownFileType = sourcecode.swift; path = ViewController.swift; sourceTree = "<group>"; };
		8294AA1C1FD2122C00F207CF /* Base */ = {isa = PBXFileReference; lastKnownFileType = file.storyboard; name = Base; path = Base.lproj/Main.storyboard; sourceTree = "<group>"; };
		8294AA1E1FD2122C00F207CF /* Assets.xcassets */ = {isa = PBXFileReference; lastKnownFileType = folder.assetcatalog; path = Assets.xcassets; sourceTree = "<group>"; };
		8294AA211FD2122C00F207CF /* Base */ = {isa = PBXFileReference; lastKnownFileType = file.storyboard; name = Base; path = Base.lproj/LaunchScreen.storyboard; sourceTree = "<group>"; };
		8294AA231FD2122C00F207CF /* Info.plist */ = {isa = PBXFileReference; lastKnownFileType = text.plist.xml; path = Info.plist; sourceTree = "<group>"; };
		8294AA2A1FD213A300F207CF /* Model.xcdatamodel */ = {isa = PBXFileReference; lastKnownFileType = wrapper.xcdatamodel; path = Model.xcdatamodel; sourceTree = "<group>"; };
		8294AA2D1FD21D0300F207CF /* CoreDataStack.swift */ = {isa = PBXFileReference; fileEncoding = 4; lastKnownFileType = sourcecode.swift; path = CoreDataStack.swift; sourceTree = "<group>"; };
		8294AA371FD2222400F207CF /* Note+CoreDataClass.swift */ = {isa = PBXFileReference; lastKnownFileType = sourcecode.swift; path = "Note+CoreDataClass.swift"; sourceTree = "<group>"; };
		8294AA381FD2222400F207CF /* Note+CoreDataProperties.swift */ = {isa = PBXFileReference; lastKnownFileType = sourcecode.swift; path = "Note+CoreDataProperties.swift"; sourceTree = "<group>"; };
		8294AA391FD2222400F207CF /* Noteboook+CoreDataClass.swift */ = {isa = PBXFileReference; lastKnownFileType = sourcecode.swift; path = "Noteboook+CoreDataClass.swift"; sourceTree = "<group>"; };
		8294AA3A1FD2222400F207CF /* Noteboook+CoreDataProperties.swift */ = {isa = PBXFileReference; lastKnownFileType = sourcecode.swift; path = "Noteboook+CoreDataProperties.swift"; sourceTree = "<group>"; };
/* End PBXFileReference section */

/* Begin PBXFrameworksBuildPhase section */
		8294AA111FD2122C00F207CF /* Frameworks */ = {
			isa = PBXFrameworksBuildPhase;
			buildActionMask = 2147483647;
			files = (
			);
			runOnlyForDeploymentPostprocessing = 0;
		};
/* End PBXFrameworksBuildPhase section */

/* Begin PBXGroup section */
		8294AA0B1FD2122C00F207CF = {
			isa = PBXGroup;
			children = (
				8294AA161FD2122C00F207CF /* CoolNotes */,
				8294AA151FD2122C00F207CF /* Products */,
			);
			sourceTree = "<group>";
		};
		8294AA151FD2122C00F207CF /* Products */ = {
			isa = PBXGroup;
			children = (
				8294AA141FD2122C00F207CF /* CoolNotes.app */,
			);
			name = Products;
			sourceTree = "<group>";
		};
		8294AA161FD2122C00F207CF /* CoolNotes */ = {
			isa = PBXGroup;
			children = (
				8294AA171FD2122C00F207CF /* AppDelegate.swift */,
				8294AA191FD2122C00F207CF /* ViewController.swift */,
				8294AA2C1FD21C5C00F207CF /* Model */,
				8294AA1B1FD2122C00F207CF /* Main.storyboard */,
				8294AA1E1FD2122C00F207CF /* Assets.xcassets */,
				8294AA201FD2122C00F207CF /* LaunchScreen.storyboard */,
				8294AA231FD2122C00F207CF /* Info.plist */,
			);
			path = CoolNotes;
			sourceTree = "<group>";
		};
		8294AA2C1FD21C5C00F207CF /* Model */ = {
			isa = PBXGroup;
			children = (
				8294AA2D1FD21D0300F207CF /* CoreDataStack.swift */,
				8294AA291FD213A300F207CF /* Model.xcdatamodeld */,
				8294AA371FD2222400F207CF /* Note+CoreDataClass.swift */,
				8294AA381FD2222400F207CF /* Note+CoreDataProperties.swift */,
				8294AA391FD2222400F207CF /* Noteboook+CoreDataClass.swift */,
				8294AA3A1FD2222400F207CF /* Noteboook+CoreDataProperties.swift */,
			);
			name = Model;
			sourceTree = "<group>";
		};
/* End PBXGroup section */

/* Begin PBXNativeTarget section */
		8294AA131FD2122C00F207CF /* CoolNotes */ = {
			isa = PBXNativeTarget;
			buildConfigurationList = 8294AA261FD2122C00F207CF /* Build configuration list for PBXNativeTarget "CoolNotes" */;
			buildPhases = (
				8294AA101FD2122C00F207CF /* Sources */,
				8294AA111FD2122C00F207CF /* Frameworks */,
				8294AA121FD2122C00F207CF /* Resources */,
			);
			buildRules = (
			);
			dependencies = (
			);
			name = CoolNotes;
			productName = CoolNotes;
			productReference = 8294AA141FD2122C00F207CF /* CoolNotes.app */;
			productType = "com.apple.product-type.application";
		};
/* End PBXNativeTarget section */

/* Begin PBXProject section */
		8294AA0C1FD2122C00F207CF /* Project object */ = {
			isa = PBXProject;
			attributes = {
				LastSwiftUpdateCheck = 0910;
				LastUpgradeCheck = 0910;
				ORGANIZATIONNAME = xengar;
				TargetAttributes = {
					8294AA131FD2122C00F207CF = {
						CreatedOnToolsVersion = 9.1;
						ProvisioningStyle = Automatic;
					};
				};
			};
			buildConfigurationList = 8294AA0F1FD2122C00F207CF /* Build configuration list for PBXProject "CoolNotes" */;
			compatibilityVersion = "Xcode 8.0";
			developmentRegion = en;
			hasScannedForEncodings = 0;
			knownRegions = (
				en,
				Base,
			);
			mainGroup = 8294AA0B1FD2122C00F207CF;
			productRefGroup = 8294AA151FD2122C00F207CF /* Products */;
			projectDirPath = "";
			projectRoot = "";
			targets = (
				8294AA131FD2122C00F207CF /* CoolNotes */,
			);
		};
/* End PBXProject section */

/* Begin PBXResourcesBuildPhase section */
		8294AA121FD2122C00F207CF /* Resources */ = {
			isa = PBXResourcesBuildPhase;
			buildActionMask = 2147483647;
			files = (
				8294AA221FD2122C00F207CF /* LaunchScreen.storyboard in Resources */,
				8294AA1F1FD2122C00F207CF /* Assets.xcassets in Resources */,
				8294AA1D1FD2122C00F207CF /* Main.storyboard in Resources */,
			);
			runOnlyForDeploymentPostprocessing = 0;
		};
/* End PBXResourcesBuildPhase section */

/* Begin PBXSourcesBuildPhase section */
		8294AA101FD2122C00F207CF /* Sources */ = {
			isa = PBXSourcesBuildPhase;
			buildActionMask = 2147483647;
			files = (
				8294AA3E1FD2222400F207CF /* Noteboook+CoreDataProperties.swift in Sources */,
				8294AA1A1FD2122C00F207CF /* ViewController.swift in Sources */,
				8294AA181FD2122C00F207CF /* AppDelegate.swift in Sources */,
				8294AA3B1FD2222400F207CF /* Note+CoreDataClass.swift in Sources */,
				8294AA2B1FD213A300F207CF /* Model.xcdatamodeld in Sources */,
				8294AA2E1FD21D0300F207CF /* CoreDataStack.swift in Sources */,
				8294AA3D1FD2222400F207CF /* Noteboook+CoreDataClass.swift in Sources */,
				8294AA3C1FD2222400F207CF /* Note+CoreDataProperties.swift in Sources */,
			);
			runOnlyForDeploymentPostprocessing = 0;
		};
/* End PBXSourcesBuildPhase section */

/* Begin PBXVariantGroup section */
		8294AA1B1FD2122C00F207CF /* Main.storyboard */ = {
			isa = PBXVariantGroup;
			children = (
				8294AA1C1FD2122C00F207CF /* Base */,
			);
			name = Main.storyboard;
			sourceTree = "<group>";
		};
		8294AA201FD2122C00F207CF /* LaunchScreen.storyboard */ = {
			isa = PBXVariantGroup;
			children = (
				8294AA211FD2122C00F207CF /* Base */,
			);
			name = LaunchScreen.storyboard;
			sourceTree = "<group>";
		};
/* End PBXVariantGroup section */

/* Begin XCBuildConfiguration section */
		8294AA241FD2122C00F207CF /* Debug */ = {
			isa = XCBuildConfiguration;
			buildSettings = {
				ALWAYS_SEARCH_USER_PATHS = NO;
				CLANG_ANALYZER_NONNULL = YES;
				CLANG_ANALYZER_NUMBER_OBJECT_CONVERSION = YES_AGGRESSIVE;
				CLANG_CXX_LANGUAGE_STANDARD = "gnu++14";
				CLANG_CXX_LIBRARY = "libc++";
				CLANG_ENABLE_MODULES = YES;
				CLANG_ENABLE_OBJC_ARC = YES;
				CLANG_WARN_BLOCK_CAPTURE_AUTORELEASING = YES;
				CLANG_WARN_BOOL_CONVERSION = YES;
				CLANG_WARN_COMMA = YES;
				CLANG_WARN_CONSTANT_CONVERSION = YES;
				CLANG_WARN_DIRECT_OBJC_ISA_USAGE = YES_ERROR;
				CLANG_WARN_DOCUMENTATION_COMMENTS = YES;
				CLANG_WARN_EMPTY_BODY = YES;
				CLANG_WARN_ENUM_CONVERSION = YES;
				CLANG_WARN_INFINITE_RECURSION = YES;
				CLANG_WARN_INT_CONVERSION = YES;
				CLANG_WARN_NON_LITERAL_NULL_CONVERSION = YES;
				CLANG_WARN_OBJC_LITERAL_CONVERSION = YES;
				CLANG_WARN_OBJC_ROOT_CLASS = YES_ERROR;
				CLANG_WARN_RANGE_LOOP_ANALYSIS = YES;
				CLANG_WARN_STRICT_PROTOTYPES = YES;
				CLANG_WARN_SUSPICIOUS_MOVE = YES;
				CLANG_WARN_UNGUARDED_AVAILABILITY = YES_AGGRESSIVE;
				CLANG_WARN_UNREACHABLE_CODE = YES;
				CLANG_WARN__DUPLICATE_METHOD_MATCH = YES;
				CODE_SIGN_IDENTITY = "iPhone Developer";
				COPY_PHASE_STRIP = NO;
				DEBUG_INFORMATION_FORMAT = dwarf;
				ENABLE_STRICT_OBJC_MSGSEND = YES;
				ENABLE_TESTABILITY = YES;
				GCC_C_LANGUAGE_STANDARD = gnu11;
				GCC_DYNAMIC_NO_PIC = NO;
				GCC_NO_COMMON_BLOCKS = YES;
				GCC_OPTIMIZATION_LEVEL = 0;
				GCC_PREPROCESSOR_DEFINITIONS = (
					"DEBUG=1",
					"$(inherited)",
				);
				GCC_WARN_64_TO_32_BIT_CONVERSION = YES;
				GCC_WARN_ABOUT_RETURN_TYPE = YES_ERROR;
				GCC_WARN_UNDECLARED_SELECTOR = YES;
				GCC_WARN_UNINITIALIZED_AUTOS = YES_AGGRESSIVE;
				GCC_WARN_UNUSED_FUNCTION = YES;
				GCC_WARN_UNUSED_VARIABLE = YES;
				IPHONEOS_DEPLOYMENT_TARGET = 11.1;
				MTL_ENABLE_DEBUG_INFO = YES;
				ONLY_ACTIVE_ARCH = YES;
				SDKROOT = iphoneos;
				SWIFT_ACTIVE_COMPILATION_CONDITIONS = DEBUG;
				SWIFT_OPTIMIZATION_LEVEL = "-Onone";
			};
			name = Debug;
		};
		8294AA251FD2122C00F207CF /* Release */ = {
			isa = XCBuildConfiguration;
			buildSettings = {
				ALWAYS_SEARCH_USER_PATHS = NO;
				CLANG_ANALYZER_NONNULL = YES;
				CLANG_ANALYZER_NUMBER_OBJECT_CONVERSION = YES_AGGRESSIVE;
				CLANG_CXX_LANGUAGE_STANDARD = "gnu++14";
				CLANG_CXX_LIBRARY = "libc++";
				CLANG_ENABLE_MODULES = YES;
				CLANG_ENABLE_OBJC_ARC = YES;
				CLANG_WARN_BLOCK_CAPTURE_AUTORELEASING = YES;
				CLANG_WARN_BOOL_CONVERSION = YES;
				CLANG_WARN_COMMA = YES;
				CLANG_WARN_CONSTANT_CONVERSION = YES;
				CLANG_WARN_DIRECT_OBJC_ISA_USAGE = YES_ERROR;
				CLANG_WARN_DOCUMENTATION_COMMENTS = YES;
				CLANG_WARN_EMPTY_BODY = YES;
				CLANG_WARN_ENUM_CONVERSION = YES;
				CLANG_WARN_INFINITE_RECURSION = YES;
				CLANG_WARN_INT_CONVERSION = YES;
				CLANG_WARN_NON_LITERAL_NULL_CONVERSION = YES;
				CLANG_WARN_OBJC_LITERAL_CONVERSION = YES;
				CLANG_WARN_OBJC_ROOT_CLASS = YES_ERROR;
				CLANG_WARN_RANGE_LOOP_ANALYSIS = YES;
				CLANG_WARN_STRICT_PROTOTYPES = YES;
				CLANG_WARN_SUSPICIOUS_MOVE = YES;
				CLANG_WARN_UNGUARDED_AVAILABILITY = YES_AGGRESSIVE;
				CLANG_WARN_UNREACHABLE_CODE = YES;
				CLANG_WARN__DUPLICATE_METHOD_MATCH = YES;
				CODE_SIGN_IDENTITY = "iPhone Developer";
				COPY_PHASE_STRIP = NO;
				DEBUG_INFORMATION_FORMAT = "dwarf-with-dsym";
				ENABLE_NS_ASSERTIONS = NO;
				ENABLE_STRICT_OBJC_MSGSEND = YES;
				GCC_C_LANGUAGE_STANDARD = gnu11;
				GCC_NO_COMMON_BLOCKS = YES;
				GCC_WARN_64_TO_32_BIT_CONVERSION = YES;
				GCC_WARN_ABOUT_RETURN_TYPE = YES_ERROR;
				GCC_WARN_UNDECLARED_SELECTOR = YES;
				GCC_WARN_UNINITIALIZED_AUTOS = YES_AGGRESSIVE;
				GCC_WARN_UNUSED_FUNCTION = YES;
				GCC_WARN_UNUSED_VARIABLE = YES;
				IPHONEOS_DEPLOYMENT_TARGET = 11.1;
				MTL_ENABLE_DEBUG_INFO = NO;
				SDKROOT = iphoneos;
				SWIFT_OPTIMIZATION_LEVEL = "-Owholemodule";
				VALIDATE_PRODUCT = YES;
			};
			name = Release;
		};
		8294AA271FD2122C00F207CF /* Debug */ = {
			isa = XCBuildConfiguration;
			buildSettings = {
				ASSETCATALOG_COMPILER_APPICON_NAME = AppIcon;
				CODE_SIGN_STYLE = Automatic;
				INFOPLIST_FILE = CoolNotes/Info.plist;
				LD_RUNPATH_SEARCH_PATHS = "$(inherited) @executable_path/Frameworks";
				PRODUCT_BUNDLE_IDENTIFIER = com.xengar.ios.CoolNotes;
				PRODUCT_NAME = "$(TARGET_NAME)";
				SWIFT_VERSION = 4.0;
				TARGETED_DEVICE_FAMILY = "1,2";
			};
			name = Debug;
		};
		8294AA281FD2122C00F207CF /* Release */ = {
			isa = XCBuildConfiguration;
			buildSettings = {
				ASSETCATALOG_COMPILER_APPICON_NAME = AppIcon;
				CODE_SIGN_STYLE = Automatic;
				INFOPLIST_FILE = CoolNotes/Info.plist;
				LD_RUNPATH_SEARCH_PATHS = "$(inherited) @executable_path/Frameworks";
				PRODUCT_BUNDLE_IDENTIFIER = com.xengar.ios.CoolNotes;
				PRODUCT_NAME = "$(TARGET_NAME)";
				SWIFT_VERSION = 4.0;
				TARGETED_DEVICE_FAMILY = "1,2";
			};
			name = Release;
		};
/* End XCBuildConfiguration section */

/* Begin XCConfigurationList section */
		8294AA0F1FD2122C00F207CF /* Build configuration list for PBXProject "CoolNotes" */ = {
			isa = XCConfigurationList;
			buildConfigurations = (
				8294AA241FD2122C00F207CF /* Debug */,
				8294AA251FD2122C00F207CF /* Release */,
			);
			defaultConfigurationIsVisible = 0;
			defaultConfigurationName = Release;
		};
		8294AA261FD2122C00F207CF /* Build configuration list for PBXNativeTarget "CoolNotes" */ = {
			isa = XCConfigurationList;
			buildConfigurations = (
				8294AA271FD2122C00F207CF /* Debug */,
				8294AA281FD2122C00F207CF /* Release */,
			);
			defaultConfigurationIsVisible = 0;
			defaultConfigurationName = Release;
		};
/* End XCConfigurationList section */

/* Begin XCVersionGroup section */
		8294AA291FD213A300F207CF /* Model.xcdatamodeld */ = {
			isa = XCVersionGroup;
			children = (
				8294AA2A1FD213A300F207CF /* Model.xcdatamodel */,
			);
			currentVersion = 8294AA2A1FD213A300F207CF /* Model.xcdatamodel */;
			path = Model.xcdatamodeld;
			sourceTree = "<group>";
			versionGroupType = wrapper.xcdatamodel;
		};
/* End XCVersionGroup section */
	};
	rootObject = 8294AA0C1FD2122C00F207CF /* Project object */;
}
